// !$*UTF8*$!
{
	archiveVersion = 1;
	classes = {
	};
	objectVersion = 48;
	objects = {

/* Begin PBXBuildFile section */
		EB0823BC20223EE5002DB6D2 /* TagCell.swift in Sources */ = {isa = PBXBuildFile; fileRef = EB0823BB20223EE5002DB6D2 /* TagCell.swift */; };
		EB0823BE20223EF4002DB6D2 /* Tag.swift in Sources */ = {isa = PBXBuildFile; fileRef = EB0823BD20223EF4002DB6D2 /* Tag.swift */; };
		EB0823C020223EFB002DB6D2 /* FlowLayout.swift in Sources */ = {isa = PBXBuildFile; fileRef = EB0823BF20223EFB002DB6D2 /* FlowLayout.swift */; };
		EB1F4C87202DF31A0041E44C /* WaveObject.swift in Sources */ = {isa = PBXBuildFile; fileRef = EB1F4C85202DF31A0041E44C /* WaveObject.swift */; };
		EB1F4C88202DF31A0041E44C /* MMImageUpload.swift in Sources */ = {isa = PBXBuildFile; fileRef = EB1F4C86202DF31A0041E44C /* MMImageUpload.swift */; };
		EB3C2140200645D400EAC1CB /* FilterCatalogueCell.swift in Sources */ = {isa = PBXBuildFile; fileRef = EB3C213F200645D400EAC1CB /* FilterCatalogueCell.swift */; };
		EB3C21422006487A00EAC1CB /* FilterCatalogueCollectionViewCell.swift in Sources */ = {isa = PBXBuildFile; fileRef = EB3C21412006487A00EAC1CB /* FilterCatalogueCollectionViewCell.swift */; };
		EB66BE06200A762F00921485 /* ImageManager.swift in Sources */ = {isa = PBXBuildFile; fileRef = EB66BE05200A762F00921485 /* ImageManager.swift */; };
		EB77F68420054C0400ECCD1E /* BurgerBadgeCollectionViewCell.swift in Sources */ = {isa = PBXBuildFile; fileRef = EB77F68320054C0400ECCD1E /* BurgerBadgeCollectionViewCell.swift */; };
		EB838B4A201BB7C900B9C633 /* UploadHeaderTableViewCell.swift in Sources */ = {isa = PBXBuildFile; fileRef = EB838B49201BB7C900B9C633 /* UploadHeaderTableViewCell.swift */; };
		EB838B4D201BBE0900B9C633 /* ActivityIndicator.swift in Sources */ = {isa = PBXBuildFile; fileRef = EB838B4C201BBE0900B9C633 /* ActivityIndicator.swift */; };
		EB838B4F201BC15900B9C633 /* UploadTableViewCell.swift in Sources */ = {isa = PBXBuildFile; fileRef = EB838B4E201BC15900B9C633 /* UploadTableViewCell.swift */; };
		EB838B56201BD7BA00B9C633 /* TweePlaceholderTextField.swift in Sources */ = {isa = PBXBuildFile; fileRef = EB838B51201BD7BA00B9C633 /* TweePlaceholderTextField.swift */; };
		EB838B57201BD7BA00B9C633 /* TweeActiveTextField.swift in Sources */ = {isa = PBXBuildFile; fileRef = EB838B52201BD7BA00B9C633 /* TweeActiveTextField.swift */; };
		EB838B58201BD7BA00B9C633 /* TweeBorderedTextField.swift in Sources */ = {isa = PBXBuildFile; fileRef = EB838B53201BD7BA00B9C633 /* TweeBorderedTextField.swift */; };
		EB838B59201BD7BA00B9C633 /* FontAnimation.swift in Sources */ = {isa = PBXBuildFile; fileRef = EB838B54201BD7BA00B9C633 /* FontAnimation.swift */; };
		EB838B5A201BD7BA00B9C633 /* TweeAttributedTextField.swift in Sources */ = {isa = PBXBuildFile; fileRef = EB838B55201BD7BA00B9C633 /* TweeAttributedTextField.swift */; };
		EB857A661FFC0959003E5BF1 /* AppDelegate.swift in Sources */ = {isa = PBXBuildFile; fileRef = EB857A651FFC0959003E5BF1 /* AppDelegate.swift */; };
		EB857A681FFC0959003E5BF1 /* CatalogueVC.swift in Sources */ = {isa = PBXBuildFile; fileRef = EB857A671FFC0959003E5BF1 /* CatalogueVC.swift */; };
		EB857A6A1FFC0959003E5BF1 /* PassportVC.swift in Sources */ = {isa = PBXBuildFile; fileRef = EB857A691FFC0959003E5BF1 /* PassportVC.swift */; };
		EB857A6D1FFC0959003E5BF1 /* Main.storyboard in Resources */ = {isa = PBXBuildFile; fileRef = EB857A6B1FFC0959003E5BF1 /* Main.storyboard */; };
		EB857A6F1FFC0959003E5BF1 /* Assets.xcassets in Resources */ = {isa = PBXBuildFile; fileRef = EB857A6E1FFC0959003E5BF1 /* Assets.xcassets */; };
		EB857A721FFC0959003E5BF1 /* LaunchScreen.storyboard in Resources */ = {isa = PBXBuildFile; fileRef = EB857A701FFC0959003E5BF1 /* LaunchScreen.storyboard */; };
		EB857A7A1FFC0D7B003E5BF1 /* UploadBurgerVC.swift in Sources */ = {isa = PBXBuildFile; fileRef = EB857A791FFC0D7B003E5BF1 /* UploadBurgerVC.swift */; };
		EBA3F50F202C9C6000660419 /* SwiftSpinner.swift in Sources */ = {isa = PBXBuildFile; fileRef = EBA3F50E202C9C6000660419 /* SwiftSpinner.swift */; };
		EBCAF4A6200CF96100B9407D /* TableLoader.swift in Sources */ = {isa = PBXBuildFile; fileRef = EBCAF4A5200CF96100B9407D /* TableLoader.swift */; };
		EBD0C4C620226D7800918701 /* TagCell.xib in Resources */ = {isa = PBXBuildFile; fileRef = EBD0C4C520226D7800918701 /* TagCell.xib */; };
		EBD41663200FF07B00E33AD6 /* TabBarVC.swift in Sources */ = {isa = PBXBuildFile; fileRef = EBD41662200FF07B00E33AD6 /* TabBarVC.swift */; };
		EBDAF6A72024DEB30053FAC3 /* BurgerCameraVC.swift in Sources */ = {isa = PBXBuildFile; fileRef = EBDAF6A62024DEB30053FAC3 /* BurgerCameraVC.swift */; };
		EBDAF6A82024EF220053FAC3 /* CameraController.swift in Sources */ = {isa = PBXBuildFile; fileRef = EBDAF6A52024DE480053FAC3 /* CameraController.swift */; };
		EBE2D4DD201A6E49003BC9F7 /* UploadBurgerInformationVC.swift in Sources */ = {isa = PBXBuildFile; fileRef = EBE2D4DC201A6E49003BC9F7 /* UploadBurgerInformationVC.swift */; };
		EBE820ED1FFC21C800F5A895 /* CatalogueTableViewCell.swift in Sources */ = {isa = PBXBuildFile; fileRef = EBE820EC1FFC21C800F5A895 /* CatalogueTableViewCell.swift */; };
		EBE820EF1FFD30D500F5A895 /* BurgerVC.swift in Sources */ = {isa = PBXBuildFile; fileRef = EBE820EE1FFD30D500F5A895 /* BurgerVC.swift */; };
		EBE820F11FFD479700F5A895 /* Burger.swift in Sources */ = {isa = PBXBuildFile; fileRef = EBE820F01FFD479700F5A895 /* Burger.swift */; };
		EBE820F31FFD88F900F5A895 /* BurgerHeaderView.swift in Sources */ = {isa = PBXBuildFile; fileRef = EBE820F21FFD88F900F5A895 /* BurgerHeaderView.swift */; };
		EBE820F51FFE7EED00F5A895 /* BurgerTableViewCell.swift in Sources */ = {isa = PBXBuildFile; fileRef = EBE820F41FFE7EED00F5A895 /* BurgerTableViewCell.swift */; };
		EBE820F71FFE8B3800F5A895 /* BurgerHeaderTableViewCell.swift in Sources */ = {isa = PBXBuildFile; fileRef = EBE820F61FFE8B3800F5A895 /* BurgerHeaderTableViewCell.swift */; };
/* End PBXBuildFile section */

/* Begin PBXFileReference section */
		EB0823BB20223EE5002DB6D2 /* TagCell.swift */ = {isa = PBXFileReference; lastKnownFileType = sourcecode.swift; path = TagCell.swift; sourceTree = "<group>"; };
		EB0823BD20223EF4002DB6D2 /* Tag.swift */ = {isa = PBXFileReference; lastKnownFileType = sourcecode.swift; path = Tag.swift; sourceTree = "<group>"; };
		EB0823BF20223EFB002DB6D2 /* FlowLayout.swift */ = {isa = PBXFileReference; lastKnownFileType = sourcecode.swift; path = FlowLayout.swift; sourceTree = "<group>"; };
		EB1F4C85202DF31A0041E44C /* WaveObject.swift */ = {isa = PBXFileReference; fileEncoding = 4; lastKnownFileType = sourcecode.swift; path = WaveObject.swift; sourceTree = "<group>"; };
		EB1F4C86202DF31A0041E44C /* MMImageUpload.swift */ = {isa = PBXFileReference; fileEncoding = 4; lastKnownFileType = sourcecode.swift; path = MMImageUpload.swift; sourceTree = "<group>"; };
		EB3C213F200645D400EAC1CB /* FilterCatalogueCell.swift */ = {isa = PBXFileReference; lastKnownFileType = sourcecode.swift; path = FilterCatalogueCell.swift; sourceTree = "<group>"; };
		EB3C21412006487A00EAC1CB /* FilterCatalogueCollectionViewCell.swift */ = {isa = PBXFileReference; lastKnownFileType = sourcecode.swift; path = FilterCatalogueCollectionViewCell.swift; sourceTree = "<group>"; };
		EB66BE05200A762F00921485 /* ImageManager.swift */ = {isa = PBXFileReference; lastKnownFileType = sourcecode.swift; path = ImageManager.swift; sourceTree = "<group>"; };
		EB77F68320054C0400ECCD1E /* BurgerBadgeCollectionViewCell.swift */ = {isa = PBXFileReference; lastKnownFileType = sourcecode.swift; path = BurgerBadgeCollectionViewCell.swift; sourceTree = "<group>"; };
		EB838B49201BB7C900B9C633 /* UploadHeaderTableViewCell.swift */ = {isa = PBXFileReference; lastKnownFileType = sourcecode.swift; path = UploadHeaderTableViewCell.swift; sourceTree = "<group>"; };
		EB838B4C201BBE0900B9C633 /* ActivityIndicator.swift */ = {isa = PBXFileReference; fileEncoding = 4; lastKnownFileType = sourcecode.swift; path = ActivityIndicator.swift; sourceTree = "<group>"; };
		EB838B4E201BC15900B9C633 /* UploadTableViewCell.swift */ = {isa = PBXFileReference; lastKnownFileType = sourcecode.swift; path = UploadTableViewCell.swift; sourceTree = "<group>"; };
		EB838B51201BD7BA00B9C633 /* TweePlaceholderTextField.swift */ = {isa = PBXFileReference; fileEncoding = 4; lastKnownFileType = sourcecode.swift; path = TweePlaceholderTextField.swift; sourceTree = "<group>"; };
		EB838B52201BD7BA00B9C633 /* TweeActiveTextField.swift */ = {isa = PBXFileReference; fileEncoding = 4; lastKnownFileType = sourcecode.swift; path = TweeActiveTextField.swift; sourceTree = "<group>"; };
		EB838B53201BD7BA00B9C633 /* TweeBorderedTextField.swift */ = {isa = PBXFileReference; fileEncoding = 4; lastKnownFileType = sourcecode.swift; path = TweeBorderedTextField.swift; sourceTree = "<group>"; };
		EB838B54201BD7BA00B9C633 /* FontAnimation.swift */ = {isa = PBXFileReference; fileEncoding = 4; lastKnownFileType = sourcecode.swift; path = FontAnimation.swift; sourceTree = "<group>"; };
		EB838B55201BD7BA00B9C633 /* TweeAttributedTextField.swift */ = {isa = PBXFileReference; fileEncoding = 4; lastKnownFileType = sourcecode.swift; path = TweeAttributedTextField.swift; sourceTree = "<group>"; };
		EB857A621FFC0959003E5BF1 /* Burgerdex.app */ = {isa = PBXFileReference; explicitFileType = wrapper.application; includeInIndex = 0; path = Burgerdex.app; sourceTree = BUILT_PRODUCTS_DIR; };
		EB857A651FFC0959003E5BF1 /* AppDelegate.swift */ = {isa = PBXFileReference; lastKnownFileType = sourcecode.swift; path = AppDelegate.swift; sourceTree = "<group>"; };
		EB857A671FFC0959003E5BF1 /* CatalogueVC.swift */ = {isa = PBXFileReference; lastKnownFileType = sourcecode.swift; path = CatalogueVC.swift; sourceTree = "<group>"; };
		EB857A691FFC0959003E5BF1 /* PassportVC.swift */ = {isa = PBXFileReference; lastKnownFileType = sourcecode.swift; path = PassportVC.swift; sourceTree = "<group>"; };
		EB857A6C1FFC0959003E5BF1 /* Base */ = {isa = PBXFileReference; lastKnownFileType = file.storyboard; name = Base; path = Base.lproj/Main.storyboard; sourceTree = "<group>"; };
		EB857A6E1FFC0959003E5BF1 /* Assets.xcassets */ = {isa = PBXFileReference; lastKnownFileType = folder.assetcatalog; path = Assets.xcassets; sourceTree = "<group>"; };
		EB857A711FFC0959003E5BF1 /* Base */ = {isa = PBXFileReference; lastKnownFileType = file.storyboard; name = Base; path = Base.lproj/LaunchScreen.storyboard; sourceTree = "<group>"; };
		EB857A731FFC0959003E5BF1 /* Info.plist */ = {isa = PBXFileReference; lastKnownFileType = text.plist.xml; path = Info.plist; sourceTree = "<group>"; };
		EB857A791FFC0D7B003E5BF1 /* UploadBurgerVC.swift */ = {isa = PBXFileReference; lastKnownFileType = sourcecode.swift; path = UploadBurgerVC.swift; sourceTree = "<group>"; };
		EBA3F50E202C9C6000660419 /* SwiftSpinner.swift */ = {isa = PBXFileReference; lastKnownFileType = sourcecode.swift; path = SwiftSpinner.swift; sourceTree = "<group>"; };
		EBCAF4A5200CF96100B9407D /* TableLoader.swift */ = {isa = PBXFileReference; lastKnownFileType = sourcecode.swift; path = TableLoader.swift; sourceTree = "<group>"; };
		EBD0C4C520226D7800918701 /* TagCell.xib */ = {isa = PBXFileReference; fileEncoding = 4; lastKnownFileType = file.xib; path = TagCell.xib; sourceTree = "<group>"; };
		EBD41662200FF07B00E33AD6 /* TabBarVC.swift */ = {isa = PBXFileReference; lastKnownFileType = sourcecode.swift; path = TabBarVC.swift; sourceTree = "<group>"; };
		EBDAF6A52024DE480053FAC3 /* CameraController.swift */ = {isa = PBXFileReference; lastKnownFileType = sourcecode.swift; path = CameraController.swift; sourceTree = "<group>"; };
		EBDAF6A62024DEB30053FAC3 /* BurgerCameraVC.swift */ = {isa = PBXFileReference; lastKnownFileType = sourcecode.swift; path = BurgerCameraVC.swift; sourceTree = "<group>"; };
		EBE2D4DC201A6E49003BC9F7 /* UploadBurgerInformationVC.swift */ = {isa = PBXFileReference; lastKnownFileType = sourcecode.swift; path = UploadBurgerInformationVC.swift; sourceTree = "<group>"; };
		EBE820EC1FFC21C800F5A895 /* CatalogueTableViewCell.swift */ = {isa = PBXFileReference; lastKnownFileType = sourcecode.swift; path = CatalogueTableViewCell.swift; sourceTree = "<group>"; };
		EBE820EE1FFD30D500F5A895 /* BurgerVC.swift */ = {isa = PBXFileReference; lastKnownFileType = sourcecode.swift; path = BurgerVC.swift; sourceTree = "<group>"; };
		EBE820F01FFD479700F5A895 /* Burger.swift */ = {isa = PBXFileReference; lastKnownFileType = sourcecode.swift; path = Burger.swift; sourceTree = "<group>"; };
		EBE820F21FFD88F900F5A895 /* BurgerHeaderView.swift */ = {isa = PBXFileReference; lastKnownFileType = sourcecode.swift; path = BurgerHeaderView.swift; sourceTree = "<group>"; };
		EBE820F41FFE7EED00F5A895 /* BurgerTableViewCell.swift */ = {isa = PBXFileReference; lastKnownFileType = sourcecode.swift; path = BurgerTableViewCell.swift; sourceTree = "<group>"; };
		EBE820F61FFE8B3800F5A895 /* BurgerHeaderTableViewCell.swift */ = {isa = PBXFileReference; lastKnownFileType = sourcecode.swift; path = BurgerHeaderTableViewCell.swift; sourceTree = "<group>"; };
/* End PBXFileReference section */

/* Begin PBXFrameworksBuildPhase section */
		EB857A5F1FFC0959003E5BF1 /* Frameworks */ = {
			isa = PBXFrameworksBuildPhase;
			buildActionMask = 2147483647;
			files = (
			);
			runOnlyForDeploymentPostprocessing = 0;
		};
/* End PBXFrameworksBuildPhase section */

/* Begin PBXGroup section */
		EB0823B620223D1D002DB6D2 /* Table Cells */ = {
			isa = PBXGroup;
			children = (
				EB838B49201BB7C900B9C633 /* UploadHeaderTableViewCell.swift */,
				EB838B4E201BC15900B9C633 /* UploadTableViewCell.swift */,
				EBE820F41FFE7EED00F5A895 /* BurgerTableViewCell.swift */,
				EBE820EC1FFC21C800F5A895 /* CatalogueTableViewCell.swift */,
				EBE820F61FFE8B3800F5A895 /* BurgerHeaderTableViewCell.swift */,
			);
			path = "Table Cells";
			sourceTree = "<group>";
		};
		EB0823B720223D49002DB6D2 /* Catalogue */ = {
			isa = PBXGroup;
			children = (
				EBE820EE1FFD30D500F5A895 /* BurgerVC.swift */,
				EB857A671FFC0959003E5BF1 /* CatalogueVC.swift */,
			);
			path = Catalogue;
			sourceTree = "<group>";
		};
		EB0823B820223D50002DB6D2 /* Upload */ = {
			isa = PBXGroup;
			children = (
				EBDAF6A52024DE480053FAC3 /* CameraController.swift */,
				EB857A791FFC0D7B003E5BF1 /* UploadBurgerVC.swift */,
				EBDAF6A62024DEB30053FAC3 /* BurgerCameraVC.swift */,
				EBE2D4DC201A6E49003BC9F7 /* UploadBurgerInformationVC.swift */,
			);
			path = Upload;
			sourceTree = "<group>";
		};
		EB0823B920223D56002DB6D2 /* Passport */ = {
			isa = PBXGroup;
			children = (
				EB857A691FFC0959003E5BF1 /* PassportVC.swift */,
			);
			path = Passport;
			sourceTree = "<group>";
		};
		EB0823BA20223DCF002DB6D2 /* Collection Cells */ = {
			isa = PBXGroup;
			children = (
				EB0823BF20223EFB002DB6D2 /* FlowLayout.swift */,
				EB0823BB20223EE5002DB6D2 /* TagCell.swift */,
				EB3C21412006487A00EAC1CB /* FilterCatalogueCollectionViewCell.swift */,
				EB77F68320054C0400ECCD1E /* BurgerBadgeCollectionViewCell.swift */,
				EB3C213F200645D400EAC1CB /* FilterCatalogueCell.swift */,
			);
			path = "Collection Cells";
			sourceTree = "<group>";
		};
		EB1F4C71202DE6A60041E44C /* Progress Views */ = {
			isa = PBXGroup;
			children = (
				EB1F4C86202DF31A0041E44C /* MMImageUpload.swift */,
				EB1F4C85202DF31A0041E44C /* WaveObject.swift */,
			);
			path = "Progress Views";
			sourceTree = "<group>";
		};
		EB838B4B201BBDF100B9C633 /* Loaders */ = {
			isa = PBXGroup;
			children = (
				EBA3F50E202C9C6000660419 /* SwiftSpinner.swift */,
				EB838B4C201BBE0900B9C633 /* ActivityIndicator.swift */,
				EBCAF4A5200CF96100B9407D /* TableLoader.swift */,
			);
			path = Loaders;
			sourceTree = "<group>";
		};
		EB838B50201BD7A600B9C633 /* TextFields */ = {
			isa = PBXGroup;
			children = (
				EB838B54201BD7BA00B9C633 /* FontAnimation.swift */,
				EB838B52201BD7BA00B9C633 /* TweeActiveTextField.swift */,
				EB838B55201BD7BA00B9C633 /* TweeAttributedTextField.swift */,
				EB838B53201BD7BA00B9C633 /* TweeBorderedTextField.swift */,
				EB838B51201BD7BA00B9C633 /* TweePlaceholderTextField.swift */,
			);
			path = TextFields;
			sourceTree = "<group>";
		};
		EB857A591FFC0959003E5BF1 = {
			isa = PBXGroup;
			children = (
				EB857A641FFC0959003E5BF1 /* Burgerdex */,
				EB857A631FFC0959003E5BF1 /* Products */,
			);
			sourceTree = "<group>";
		};
		EB857A631FFC0959003E5BF1 /* Products */ = {
			isa = PBXGroup;
			children = (
				EB857A621FFC0959003E5BF1 /* Burgerdex.app */,
			);
			name = Products;
			sourceTree = "<group>";
		};
		EB857A641FFC0959003E5BF1 /* Burgerdex */ = {
			isa = PBXGroup;
			children = (
				EBE820EB1FFC119500F5A895 /* View */,
				EBE820EA1FFC119000F5A895 /* Model */,
				EBE820E91FFC118600F5A895 /* Controller */,
				EB857A651FFC0959003E5BF1 /* AppDelegate.swift */,
				EB857A731FFC0959003E5BF1 /* Info.plist */,
			);
			path = Burgerdex;
			sourceTree = "<group>";
		};
		EBCAF4A3200CF89600B9407D /* Storyboards&Assets */ = {
			isa = PBXGroup;
			children = (
				EB857A6B1FFC0959003E5BF1 /* Main.storyboard */,
				EB857A701FFC0959003E5BF1 /* LaunchScreen.storyboard */,
				EB857A6E1FFC0959003E5BF1 /* Assets.xcassets */,
			);
			path = "Storyboards&Assets";
			sourceTree = "<group>";
		};
		EBCAF4A4200CF90900B9407D /* Cells */ = {
			isa = PBXGroup;
			children = (
				EBD0C4C420226D5400918701 /* xibs */,
				EB0823BA20223DCF002DB6D2 /* Collection Cells */,
				EB0823B620223D1D002DB6D2 /* Table Cells */,
			);
			path = Cells;
			sourceTree = "<group>";
		};
		EBD0C4C420226D5400918701 /* xibs */ = {
			isa = PBXGroup;
			children = (
				EBD0C4C520226D7800918701 /* TagCell.xib */,
			);
			path = xibs;
			sourceTree = "<group>";
		};
		EBE820E91FFC118600F5A895 /* Controller */ = {
			isa = PBXGroup;
			children = (
				EB0823B920223D56002DB6D2 /* Passport */,
				EB0823B820223D50002DB6D2 /* Upload */,
				EB0823B720223D49002DB6D2 /* Catalogue */,
				EBD41662200FF07B00E33AD6 /* TabBarVC.swift */,
			);
			path = Controller;
			sourceTree = "<group>";
		};
		EBE820EA1FFC119000F5A895 /* Model */ = {
			isa = PBXGroup;
			children = (
				EB0823BD20223EF4002DB6D2 /* Tag.swift */,
				EB66BE05200A762F00921485 /* ImageManager.swift */,
				EBE820F01FFD479700F5A895 /* Burger.swift */,
			);
			path = Model;
			sourceTree = "<group>";
		};
		EBE820EB1FFC119500F5A895 /* View */ = {
			isa = PBXGroup;
			children = (
				EB1F4C71202DE6A60041E44C /* Progress Views */,
				EB838B50201BD7A600B9C633 /* TextFields */,
				EB838B4B201BBDF100B9C633 /* Loaders */,
				EBCAF4A4200CF90900B9407D /* Cells */,
				EBCAF4A3200CF89600B9407D /* Storyboards&Assets */,
				EBE820F21FFD88F900F5A895 /* BurgerHeaderView.swift */,
			);
			path = View;
			sourceTree = "<group>";
		};
/* End PBXGroup section */

/* Begin PBXNativeTarget section */
		EB857A611FFC0959003E5BF1 /* Burgerdex */ = {
			isa = PBXNativeTarget;
			buildConfigurationList = EB857A761FFC0959003E5BF1 /* Build configuration list for PBXNativeTarget "Burgerdex" */;
			buildPhases = (
				EB857A5E1FFC0959003E5BF1 /* Sources */,
				EB857A5F1FFC0959003E5BF1 /* Frameworks */,
				EB857A601FFC0959003E5BF1 /* Resources */,
			);
			buildRules = (
			);
			dependencies = (
			);
			name = Burgerdex;
			productName = Burgerdex;
			productReference = EB857A621FFC0959003E5BF1 /* Burgerdex.app */;
			productType = "com.apple.product-type.application";
		};
/* End PBXNativeTarget section */

/* Begin PBXProject section */
		EB857A5A1FFC0959003E5BF1 /* Project object */ = {
			isa = PBXProject;
			attributes = {
				LastSwiftUpdateCheck = 0920;
				LastUpgradeCheck = 0920;
				ORGANIZATIONNAME = "Dev & Barrel Inc.";
				TargetAttributes = {
					EB857A611FFC0959003E5BF1 = {
						CreatedOnToolsVersion = 9.2;
						ProvisioningStyle = Automatic;
					};
				};
			};
			buildConfigurationList = EB857A5D1FFC0959003E5BF1 /* Build configuration list for PBXProject "Burgerdex" */;
			compatibilityVersion = "Xcode 8.0";
			developmentRegion = en;
			hasScannedForEncodings = 0;
			knownRegions = (
				en,
				Base,
			);
			mainGroup = EB857A591FFC0959003E5BF1;
			productRefGroup = EB857A631FFC0959003E5BF1 /* Products */;
			projectDirPath = "";
			projectRoot = "";
			targets = (
				EB857A611FFC0959003E5BF1 /* Burgerdex */,
			);
		};
/* End PBXProject section */

/* Begin PBXResourcesBuildPhase section */
		EB857A601FFC0959003E5BF1 /* Resources */ = {
			isa = PBXResourcesBuildPhase;
			buildActionMask = 2147483647;
			files = (
				EBD0C4C620226D7800918701 /* TagCell.xib in Resources */,
				EB857A721FFC0959003E5BF1 /* LaunchScreen.storyboard in Resources */,
				EB857A6F1FFC0959003E5BF1 /* Assets.xcassets in Resources */,
				EB857A6D1FFC0959003E5BF1 /* Main.storyboard in Resources */,
			);
			runOnlyForDeploymentPostprocessing = 0;
		};
/* End PBXResourcesBuildPhase section */

/* Begin PBXSourcesBuildPhase section */
		EB857A5E1FFC0959003E5BF1 /* Sources */ = {
			isa = PBXSourcesBuildPhase;
			buildActionMask = 2147483647;
			files = (
				EBE820F11FFD479700F5A895 /* Burger.swift in Sources */,
				EBE820EF1FFD30D500F5A895 /* BurgerVC.swift in Sources */,
				EB857A6A1FFC0959003E5BF1 /* PassportVC.swift in Sources */,
				EB77F68420054C0400ECCD1E /* BurgerBadgeCollectionViewCell.swift in Sources */,
				EBE820F71FFE8B3800F5A895 /* BurgerHeaderTableViewCell.swift in Sources */,
				EB0823C020223EFB002DB6D2 /* FlowLayout.swift in Sources */,
				EBA3F50F202C9C6000660419 /* SwiftSpinner.swift in Sources */,
				EBE820ED1FFC21C800F5A895 /* CatalogueTableViewCell.swift in Sources */,
				EB838B4F201BC15900B9C633 /* UploadTableViewCell.swift in Sources */,
				EB838B5A201BD7BA00B9C633 /* TweeAttributedTextField.swift in Sources */,
				EB0823BC20223EE5002DB6D2 /* TagCell.swift in Sources */,
				EBE820F51FFE7EED00F5A895 /* BurgerTableViewCell.swift in Sources */,
				EBE820F31FFD88F900F5A895 /* BurgerHeaderView.swift in Sources */,
				EBE2D4DD201A6E49003BC9F7 /* UploadBurgerInformationVC.swift in Sources */,
				EB3C21422006487A00EAC1CB /* FilterCatalogueCollectionViewCell.swift in Sources */,
				EB838B56201BD7BA00B9C633 /* TweePlaceholderTextField.swift in Sources */,
				EB66BE06200A762F00921485 /* ImageManager.swift in Sources */,
				EB857A7A1FFC0D7B003E5BF1 /* UploadBurgerVC.swift in Sources */,
				EB3C2140200645D400EAC1CB /* FilterCatalogueCell.swift in Sources */,
				EB838B4A201BB7C900B9C633 /* UploadHeaderTableViewCell.swift in Sources */,
				EB857A661FFC0959003E5BF1 /* AppDelegate.swift in Sources */,
				EB1F4C87202DF31A0041E44C /* WaveObject.swift in Sources */,
				EB857A681FFC0959003E5BF1 /* CatalogueVC.swift in Sources */,
				EB838B57201BD7BA00B9C633 /* TweeActiveTextField.swift in Sources */,
				EB838B58201BD7BA00B9C633 /* TweeBorderedTextField.swift in Sources */,
				EBDAF6A72024DEB30053FAC3 /* BurgerCameraVC.swift in Sources */,
				EBDAF6A82024EF220053FAC3 /* CameraController.swift in Sources */,
				EB838B4D201BBE0900B9C633 /* ActivityIndicator.swift in Sources */,
				EB1F4C88202DF31A0041E44C /* MMImageUpload.swift in Sources */,
				EB838B59201BD7BA00B9C633 /* FontAnimation.swift in Sources */,
				EB0823BE20223EF4002DB6D2 /* Tag.swift in Sources */,
				EBD41663200FF07B00E33AD6 /* TabBarVC.swift in Sources */,
				EBCAF4A6200CF96100B9407D /* TableLoader.swift in Sources */,
			);
			runOnlyForDeploymentPostprocessing = 0;
		};
/* End PBXSourcesBuildPhase section */

/* Begin PBXVariantGroup section */
		EB857A6B1FFC0959003E5BF1 /* Main.storyboard */ = {
			isa = PBXVariantGroup;
			children = (
				EB857A6C1FFC0959003E5BF1 /* Base */,
			);
			name = Main.storyboard;
			sourceTree = "<group>";
		};
		EB857A701FFC0959003E5BF1 /* LaunchScreen.storyboard */ = {
			isa = PBXVariantGroup;
			children = (
				EB857A711FFC0959003E5BF1 /* Base */,
			);
			name = LaunchScreen.storyboard;
			sourceTree = "<group>";
		};
/* End PBXVariantGroup section */

/* Begin XCBuildConfiguration section */
		EB857A741FFC0959003E5BF1 /* Debug */ = {
			isa = XCBuildConfiguration;
			buildSettings = {
				ALWAYS_SEARCH_USER_PATHS = NO;
				CLANG_ANALYZER_NONNULL = YES;
				CLANG_ANALYZER_NUMBER_OBJECT_CONVERSION = YES_AGGRESSIVE;
				CLANG_CXX_LANGUAGE_STANDARD = "gnu++14";
				CLANG_CXX_LIBRARY = "libc++";
				CLANG_ENABLE_MODULES = YES;
				CLANG_ENABLE_OBJC_ARC = YES;
				CLANG_WARN_BLOCK_CAPTURE_AUTORELEASING = YES;
				CLANG_WARN_BOOL_CONVERSION = YES;
				CLANG_WARN_COMMA = YES;
				CLANG_WARN_CONSTANT_CONVERSION = YES;
				CLANG_WARN_DIRECT_OBJC_ISA_USAGE = YES_ERROR;
				CLANG_WARN_DOCUMENTATION_COMMENTS = YES;
				CLANG_WARN_EMPTY_BODY = YES;
				CLANG_WARN_ENUM_CONVERSION = YES;
				CLANG_WARN_INFINITE_RECURSION = YES;
				CLANG_WARN_INT_CONVERSION = YES;
				CLANG_WARN_NON_LITERAL_NULL_CONVERSION = YES;
				CLANG_WARN_OBJC_LITERAL_CONVERSION = YES;
				CLANG_WARN_OBJC_ROOT_CLASS = YES_ERROR;
				CLANG_WARN_RANGE_LOOP_ANALYSIS = YES;
				CLANG_WARN_STRICT_PROTOTYPES = YES;
				CLANG_WARN_SUSPICIOUS_MOVE = YES;
				CLANG_WARN_UNGUARDED_AVAILABILITY = YES_AGGRESSIVE;
				CLANG_WARN_UNREACHABLE_CODE = YES;
				CLANG_WARN__DUPLICATE_METHOD_MATCH = YES;
				CODE_SIGN_IDENTITY = "iPhone Developer";
				COPY_PHASE_STRIP = NO;
				DEBUG_INFORMATION_FORMAT = dwarf;
				ENABLE_STRICT_OBJC_MSGSEND = YES;
				ENABLE_TESTABILITY = YES;
				GCC_C_LANGUAGE_STANDARD = gnu11;
				GCC_DYNAMIC_NO_PIC = NO;
				GCC_NO_COMMON_BLOCKS = YES;
				GCC_OPTIMIZATION_LEVEL = 0;
				GCC_PREPROCESSOR_DEFINITIONS = (
					"DEBUG=1",
					"$(inherited)",
				);
				GCC_WARN_64_TO_32_BIT_CONVERSION = YES;
				GCC_WARN_ABOUT_RETURN_TYPE = YES_ERROR;
				GCC_WARN_UNDECLARED_SELECTOR = YES;
				GCC_WARN_UNINITIALIZED_AUTOS = YES_AGGRESSIVE;
				GCC_WARN_UNUSED_FUNCTION = YES;
				GCC_WARN_UNUSED_VARIABLE = YES;
				IPHONEOS_DEPLOYMENT_TARGET = 11.2;
				MTL_ENABLE_DEBUG_INFO = YES;
				ONLY_ACTIVE_ARCH = YES;
				SDKROOT = iphoneos;
				SWIFT_ACTIVE_COMPILATION_CONDITIONS = DEBUG;
				SWIFT_OPTIMIZATION_LEVEL = "-Onone";
			};
			name = Debug;
		};
		EB857A751FFC0959003E5BF1 /* Release */ = {
			isa = XCBuildConfiguration;
			buildSettings = {
				ALWAYS_SEARCH_USER_PATHS = NO;
				CLANG_ANALYZER_NONNULL = YES;
				CLANG_ANALYZER_NUMBER_OBJECT_CONVERSION = YES_AGGRESSIVE;
				CLANG_CXX_LANGUAGE_STANDARD = "gnu++14";
				CLANG_CXX_LIBRARY = "libc++";
				CLANG_ENABLE_MODULES = YES;
				CLANG_ENABLE_OBJC_ARC = YES;
				CLANG_WARN_BLOCK_CAPTURE_AUTORELEASING = YES;
				CLANG_WARN_BOOL_CONVERSION = YES;
				CLANG_WARN_COMMA = YES;
				CLANG_WARN_CONSTANT_CONVERSION = YES;
				CLANG_WARN_DIRECT_OBJC_ISA_USAGE = YES_ERROR;
				CLANG_WARN_DOCUMENTATION_COMMENTS = YES;
				CLANG_WARN_EMPTY_BODY = YES;
				CLANG_WARN_ENUM_CONVERSION = YES;
				CLANG_WARN_INFINITE_RECURSION = YES;
				CLANG_WARN_INT_CONVERSION = YES;
				CLANG_WARN_NON_LITERAL_NULL_CONVERSION = YES;
				CLANG_WARN_OBJC_LITERAL_CONVERSION = YES;
				CLANG_WARN_OBJC_ROOT_CLASS = YES_ERROR;
				CLANG_WARN_RANGE_LOOP_ANALYSIS = YES;
				CLANG_WARN_STRICT_PROTOTYPES = YES;
				CLANG_WARN_SUSPICIOUS_MOVE = YES;
				CLANG_WARN_UNGUARDED_AVAILABILITY = YES_AGGRESSIVE;
				CLANG_WARN_UNREACHABLE_CODE = YES;
				CLANG_WARN__DUPLICATE_METHOD_MATCH = YES;
				CODE_SIGN_IDENTITY = "iPhone Developer";
				COPY_PHASE_STRIP = NO;
				DEBUG_INFORMATION_FORMAT = "dwarf-with-dsym";
				ENABLE_NS_ASSERTIONS = NO;
				ENABLE_STRICT_OBJC_MSGSEND = YES;
				GCC_C_LANGUAGE_STANDARD = gnu11;
				GCC_NO_COMMON_BLOCKS = YES;
				GCC_WARN_64_TO_32_BIT_CONVERSION = YES;
				GCC_WARN_ABOUT_RETURN_TYPE = YES_ERROR;
				GCC_WARN_UNDECLARED_SELECTOR = YES;
				GCC_WARN_UNINITIALIZED_AUTOS = YES_AGGRESSIVE;
				GCC_WARN_UNUSED_FUNCTION = YES;
				GCC_WARN_UNUSED_VARIABLE = YES;
				IPHONEOS_DEPLOYMENT_TARGET = 11.2;
				MTL_ENABLE_DEBUG_INFO = NO;
				SDKROOT = iphoneos;
				SWIFT_OPTIMIZATION_LEVEL = "-Owholemodule";
				VALIDATE_PRODUCT = YES;
			};
			name = Release;
		};
		EB857A771FFC0959003E5BF1 /* Debug */ = {
			isa = XCBuildConfiguration;
			buildSettings = {
				ASSETCATALOG_COMPILER_APPICON_NAME = AppIcon;
				CODE_SIGN_STYLE = Automatic;
				DEVELOPMENT_TEAM = 9FY4Z4MEX7;
				INFOPLIST_FILE = Burgerdex/Info.plist;
				LD_RUNPATH_SEARCH_PATHS = "$(inherited) @executable_path/Frameworks";
				PRODUCT_BUNDLE_IDENTIFIER = com.devandbarrel.Burgerdex;
				PRODUCT_NAME = "$(TARGET_NAME)";
				SWIFT_VERSION = 4.0;
				TARGETED_DEVICE_FAMILY = "1,2";
			};
			name = Debug;
		};
		EB857A781FFC0959003E5BF1 /* Release */ = {
			isa = XCBuildConfiguration;
			buildSettings = {
				ASSETCATALOG_COMPILER_APPICON_NAME = AppIcon;
				CODE_SIGN_STYLE = Automatic;
				DEVELOPMENT_TEAM = 9FY4Z4MEX7;
				INFOPLIST_FILE = Burgerdex/Info.plist;
				LD_RUNPATH_SEARCH_PATHS = "$(inherited) @executable_path/Frameworks";
				PRODUCT_BUNDLE_IDENTIFIER = com.devandbarrel.Burgerdex;
				PRODUCT_NAME = "$(TARGET_NAME)";
				SWIFT_VERSION = 4.0;
				TARGETED_DEVICE_FAMILY = "1,2";
			};
			name = Release;
		};
/* End XCBuildConfiguration section */

/* Begin XCConfigurationList section */
		EB857A5D1FFC0959003E5BF1 /* Build configuration list for PBXProject "Burgerdex" */ = {
			isa = XCConfigurationList;
			buildConfigurations = (
				EB857A741FFC0959003E5BF1 /* Debug */,
				EB857A751FFC0959003E5BF1 /* Release */,
			);
			defaultConfigurationIsVisible = 0;
			defaultConfigurationName = Release;
		};
		EB857A761FFC0959003E5BF1 /* Build configuration list for PBXNativeTarget "Burgerdex" */ = {
			isa = XCConfigurationList;
			buildConfigurations = (
				EB857A771FFC0959003E5BF1 /* Debug */,
				EB857A781FFC0959003E5BF1 /* Release */,
			);
			defaultConfigurationIsVisible = 0;
			defaultConfigurationName = Release;
		};
/* End XCConfigurationList section */
	};
	rootObject = EB857A5A1FFC0959003E5BF1 /* Project object */;
}
